{
  "pins" : [
    {
      "identity" : "concentriconboarding",
      "kind" : "remoteSourceControl",
      "location" : "https://github.com/exyte/ConcentricOnboarding.git",
      "state" : {
        "revision" : "db2c7730fcd210e763fcc8d4dcfc8cea1b0c5c8b",
        "version" : "1.0.3"
      }
    },
    {
      "identity" : "swiftuix",
      "kind" : "remoteSourceControl",
      "location" : "https://github.com/SwiftUIX/SwiftUIX",
      "state" : {
        "branch" : "master",
        "revision" : "93105dbdc9f47585a56d74cc0c7558f6dd60cea3"
      }
    }
  ],
  "version" : 2
}
