// !$*UTF8*$!
{
	archiveVersion = 1;
	classes = {
	};
	objectVersion = 55;
	objects = {

/* Begin PBXBuildFile section */
		56D0C3C828B61D5900B96243 /* TextHelper.swift in Sources */ = {isa = PBXBuildFile; fileRef = 56D0C3C728B61D5900B96243 /* TextHelper.swift */; };
		56D0C3CA28B6297100B96243 /* RageTextInput.swift in Sources */ = {isa = PBXBuildFile; fileRef = 56D0C3C928B6297100B96243 /* RageTextInput.swift */; };
		56DF1ECE28B60D0B0020B6F6 /* RageEditorApp.swift in Sources */ = {isa = PBXBuildFile; fileRef = 56DF1ECD28B60D0B0020B6F6 /* RageEditorApp.swift */; };
		56DF1ED028B60D0B0020B6F6 /* ContentViewBackup.swift in Sources */ = {isa = PBXBuildFile; fileRef = 56DF1ECF28B60D0B0020B6F6 /* ContentViewBackup.swift */; };
		56DF1ED228B60D0D0020B6F6 /* Assets.xcassets in Resources */ = {isa = PBXBuildFile; fileRef = 56DF1ED128B60D0D0020B6F6 /* Assets.xcassets */; };
		56DF1ED528B60D0D0020B6F6 /* Preview Assets.xcassets in Resources */ = {isa = PBXBuildFile; fileRef = 56DF1ED428B60D0D0020B6F6 /* Preview Assets.xcassets */; };
		56DF1ED728B60D0D0020B6F6 /* Persistence.swift in Sources */ = {isa = PBXBuildFile; fileRef = 56DF1ED628B60D0D0020B6F6 /* Persistence.swift */; };
		56DF1EDA28B60D0D0020B6F6 /* RageEditor.xcdatamodeld in Sources */ = {isa = PBXBuildFile; fileRef = 56DF1ED828B60D0D0020B6F6 /* RageEditor.xcdatamodeld */; };
		56DF1EE228B60D390020B6F6 /* ContentView.swift in Sources */ = {isa = PBXBuildFile; fileRef = 56DF1EE128B60D390020B6F6 /* ContentView.swift */; };
/* End PBXBuildFile section */

/* Begin PBXFileReference section */
		56D0C3C728B61D5900B96243 /* TextHelper.swift */ = {isa = PBXFileReference; lastKnownFileType = sourcecode.swift; path = TextHelper.swift; sourceTree = "<group>"; };
		56D0C3C928B6297100B96243 /* RageTextInput.swift */ = {isa = PBXFileReference; lastKnownFileType = sourcecode.swift; path = RageTextInput.swift; sourceTree = "<group>"; };
		56DF1ECA28B60D0B0020B6F6 /* RageEditor.app */ = {isa = PBXFileReference; explicitFileType = wrapper.application; includeInIndex = 0; path = RageEditor.app; sourceTree = BUILT_PRODUCTS_DIR; };
		56DF1ECD28B60D0B0020B6F6 /* RageEditorApp.swift */ = {isa = PBXFileReference; lastKnownFileType = sourcecode.swift; path = RageEditorApp.swift; sourceTree = "<group>"; };
		56DF1ECF28B60D0B0020B6F6 /* ContentViewBackup.swift */ = {isa = PBXFileReference; lastKnownFileType = sourcecode.swift; path = ContentViewBackup.swift; sourceTree = "<group>"; };
		56DF1ED128B60D0D0020B6F6 /* Assets.xcassets */ = {isa = PBXFileReference; lastKnownFileType = folder.assetcatalog; path = Assets.xcassets; sourceTree = "<group>"; };
		56DF1ED428B60D0D0020B6F6 /* Preview Assets.xcassets */ = {isa = PBXFileReference; lastKnownFileType = folder.assetcatalog; path = "Preview Assets.xcassets"; sourceTree = "<group>"; };
		56DF1ED628B60D0D0020B6F6 /* Persistence.swift */ = {isa = PBXFileReference; lastKnownFileType = sourcecode.swift; path = Persistence.swift; sourceTree = "<group>"; };
		56DF1ED928B60D0D0020B6F6 /* RageEditor.xcdatamodel */ = {isa = PBXFileReference; lastKnownFileType = wrapper.xcdatamodel; path = RageEditor.xcdatamodel; sourceTree = "<group>"; };
		56DF1EDB28B60D0D0020B6F6 /* RageEditor.entitlements */ = {isa = PBXFileReference; lastKnownFileType = text.plist.entitlements; path = RageEditor.entitlements; sourceTree = "<group>"; };
		56DF1EE128B60D390020B6F6 /* ContentView.swift */ = {isa = PBXFileReference; lastKnownFileType = sourcecode.swift; path = ContentView.swift; sourceTree = "<group>"; };
/* End PBXFileReference section */

/* Begin PBXFrameworksBuildPhase section */
		56DF1EC728B60D0B0020B6F6 /* Frameworks */ = {
			isa = PBXFrameworksBuildPhase;
			buildActionMask = 2147483647;
			files = (
			);
			runOnlyForDeploymentPostprocessing = 0;
		};
/* End PBXFrameworksBuildPhase section */

/* Begin PBXGroup section */
		56DF1EC128B60D0B0020B6F6 = {
			isa = PBXGroup;
			children = (
				56DF1ECC28B60D0B0020B6F6 /* RageEditor */,
				56DF1ECB28B60D0B0020B6F6 /* Products */,
			);
			sourceTree = "<group>";
		};
		56DF1ECB28B60D0B0020B6F6 /* Products */ = {
			isa = PBXGroup;
			children = (
				56DF1ECA28B60D0B0020B6F6 /* RageEditor.app */,
			);
			name = Products;
			sourceTree = "<group>";
		};
		56DF1ECC28B60D0B0020B6F6 /* RageEditor */ = {
			isa = PBXGroup;
			children = (
				56DF1ECD28B60D0B0020B6F6 /* RageEditorApp.swift */,
				56DF1ECF28B60D0B0020B6F6 /* ContentViewBackup.swift */,
				56DF1EE128B60D390020B6F6 /* ContentView.swift */,
				56DF1ED128B60D0D0020B6F6 /* Assets.xcassets */,
				56DF1ED628B60D0D0020B6F6 /* Persistence.swift */,
				56DF1EDB28B60D0D0020B6F6 /* RageEditor.entitlements */,
				56DF1ED828B60D0D0020B6F6 /* RageEditor.xcdatamodeld */,
				56DF1ED328B60D0D0020B6F6 /* Preview Content */,
				56D0C3C728B61D5900B96243 /* TextHelper.swift */,
				56D0C3C928B6297100B96243 /* RageTextInput.swift */,
			);
			path = RageEditor;
			sourceTree = "<group>";
		};
		56DF1ED328B60D0D0020B6F6 /* Preview Content */ = {
			isa = PBXGroup;
			children = (
				56DF1ED428B60D0D0020B6F6 /* Preview Assets.xcassets */,
			);
			path = "Preview Content";
			sourceTree = "<group>";
		};
/* End PBXGroup section */

/* Begin PBXNativeTarget section */
		56DF1EC928B60D0B0020B6F6 /* RageEditor */ = {
			isa = PBXNativeTarget;
			buildConfigurationList = 56DF1EDE28B60D0D0020B6F6 /* Build configuration list for PBXNativeTarget "RageEditor" */;
			buildPhases = (
				56DF1EC628B60D0B0020B6F6 /* Sources */,
				56DF1EC728B60D0B0020B6F6 /* Frameworks */,
				56DF1EC828B60D0B0020B6F6 /* Resources */,
			);
			buildRules = (
			);
			dependencies = (
			);
			name = RageEditor;
			productName = RageEditor;
			productReference = 56DF1ECA28B60D0B0020B6F6 /* RageEditor.app */;
			productType = "com.apple.product-type.application";
		};
/* End PBXNativeTarget section */

/* Begin PBXProject section */
		56DF1EC228B60D0B0020B6F6 /* Project object */ = {
			isa = PBXProject;
			attributes = {
				BuildIndependentTargetsInParallel = 1;
				LastSwiftUpdateCheck = 1340;
				LastUpgradeCheck = 1340;
				TargetAttributes = {
					56DF1EC928B60D0B0020B6F6 = {
						CreatedOnToolsVersion = 13.4.1;
					};
				};
			};
			buildConfigurationList = 56DF1EC528B60D0B0020B6F6 /* Build configuration list for PBXProject "RageEditor" */;
			compatibilityVersion = "Xcode 13.0";
			developmentRegion = en;
			hasScannedForEncodings = 0;
			knownRegions = (
				en,
				Base,
			);
			mainGroup = 56DF1EC128B60D0B0020B6F6;
			productRefGroup = 56DF1ECB28B60D0B0020B6F6 /* Products */;
			projectDirPath = "";
			projectRoot = "";
			targets = (
				56DF1EC928B60D0B0020B6F6 /* RageEditor */,
			);
		};
/* End PBXProject section */

/* Begin PBXResourcesBuildPhase section */
		56DF1EC828B60D0B0020B6F6 /* Resources */ = {
			isa = PBXResourcesBuildPhase;
			buildActionMask = 2147483647;
			files = (
				56DF1ED528B60D0D0020B6F6 /* Preview Assets.xcassets in Resources */,
				56DF1ED228B60D0D0020B6F6 /* Assets.xcassets in Resources */,
			);
			runOnlyForDeploymentPostprocessing = 0;
		};
/* End PBXResourcesBuildPhase section */

/* Begin PBXSourcesBuildPhase section */
		56DF1EC628B60D0B0020B6F6 /* Sources */ = {
			isa = PBXSourcesBuildPhase;
			buildActionMask = 2147483647;
			files = (
				56DF1ED728B60D0D0020B6F6 /* Persistence.swift in Sources */,
				56D0C3CA28B6297100B96243 /* RageTextInput.swift in Sources */,
				56DF1EE228B60D390020B6F6 /* ContentView.swift in Sources */,
				56DF1EDA28B60D0D0020B6F6 /* RageEditor.xcdatamodeld in Sources */,
				56DF1ED028B60D0B0020B6F6 /* ContentViewBackup.swift in Sources */,
				56D0C3C828B61D5900B96243 /* TextHelper.swift in Sources */,
				56DF1ECE28B60D0B0020B6F6 /* RageEditorApp.swift in Sources */,
			);
			runOnlyForDeploymentPostprocessing = 0;
		};
/* End PBXSourcesBuildPhase section */

/* Begin XCBuildConfiguration section */
		56DF1EDC28B60D0D0020B6F6 /* Debug */ = {
			isa = XCBuildConfiguration;
			buildSettings = {
				ALWAYS_SEARCH_USER_PATHS = NO;
				CLANG_ANALYZER_NONNULL = YES;
				CLANG_ANALYZER_NUMBER_OBJECT_CONVERSION = YES_AGGRESSIVE;
				CLANG_CXX_LANGUAGE_STANDARD = "gnu++17";
				CLANG_ENABLE_MODULES = YES;
				CLANG_ENABLE_OBJC_ARC = YES;
				CLANG_ENABLE_OBJC_WEAK = YES;
				CLANG_WARN_BLOCK_CAPTURE_AUTORELEASING = YES;
				CLANG_WARN_BOOL_CONVERSION = YES;
				CLANG_WARN_COMMA = YES;
				CLANG_WARN_CONSTANT_CONVERSION = YES;
				CLANG_WARN_DEPRECATED_OBJC_IMPLEMENTATIONS = YES;
				CLANG_WARN_DIRECT_OBJC_ISA_USAGE = YES_ERROR;
				CLANG_WARN_DOCUMENTATION_COMMENTS = YES;
				CLANG_WARN_EMPTY_BODY = YES;
				CLANG_WARN_ENUM_CONVERSION = YES;
				CLANG_WARN_INFINITE_RECURSION = YES;
				CLANG_WARN_INT_CONVERSION = YES;
				CLANG_WARN_NON_LITERAL_NULL_CONVERSION = YES;
				CLANG_WARN_OBJC_IMPLICIT_RETAIN_SELF = YES;
				CLANG_WARN_OBJC_LITERAL_CONVERSION = YES;
				CLANG_WARN_OBJC_ROOT_CLASS = YES_ERROR;
				CLANG_WARN_QUOTED_INCLUDE_IN_FRAMEWORK_HEADER = YES;
				CLANG_WARN_RANGE_LOOP_ANALYSIS = YES;
				CLANG_WARN_STRICT_PROTOTYPES = YES;
				CLANG_WARN_SUSPICIOUS_MOVE = YES;
				CLANG_WARN_UNGUARDED_AVAILABILITY = YES_AGGRESSIVE;
				CLANG_WARN_UNREACHABLE_CODE = YES;
				CLANG_WARN__DUPLICATE_METHOD_MATCH = YES;
				COPY_PHASE_STRIP = NO;
				DEBUG_INFORMATION_FORMAT = dwarf;
				ENABLE_STRICT_OBJC_MSGSEND = YES;
				ENABLE_TESTABILITY = YES;
				GCC_C_LANGUAGE_STANDARD = gnu11;
				GCC_DYNAMIC_NO_PIC = NO;
				GCC_NO_COMMON_BLOCKS = YES;
				GCC_OPTIMIZATION_LEVEL = 0;
				GCC_PREPROCESSOR_DEFINITIONS = (
					"DEBUG=1",
					"$(inherited)",
				);
				GCC_WARN_64_TO_32_BIT_CONVERSION = YES;
				GCC_WARN_ABOUT_RETURN_TYPE = YES_ERROR;
				GCC_WARN_UNDECLARED_SELECTOR = YES;
				GCC_WARN_UNINITIALIZED_AUTOS = YES_AGGRESSIVE;
				GCC_WARN_UNUSED_FUNCTION = YES;
				GCC_WARN_UNUSED_VARIABLE = YES;
				MACOSX_DEPLOYMENT_TARGET = 12.3;
				MTL_ENABLE_DEBUG_INFO = INCLUDE_SOURCE;
				MTL_FAST_MATH = YES;
				ONLY_ACTIVE_ARCH = YES;
				SDKROOT = macosx;
				SWIFT_ACTIVE_COMPILATION_CONDITIONS = DEBUG;
				SWIFT_OPTIMIZATION_LEVEL = "-Onone";
			};
			name = Debug;
		};
		56DF1EDD28B60D0D0020B6F6 /* Release */ = {
			isa = XCBuildConfiguration;
			buildSettings = {
				ALWAYS_SEARCH_USER_PATHS = NO;
				CLANG_ANALYZER_NONNULL = YES;
				CLANG_ANALYZER_NUMBER_OBJECT_CONVERSION = YES_AGGRESSIVE;
				CLANG_CXX_LANGUAGE_STANDARD = "gnu++17";
				CLANG_ENABLE_MODULES = YES;
				CLANG_ENABLE_OBJC_ARC = YES;
				CLANG_ENABLE_OBJC_WEAK = YES;
				CLANG_WARN_BLOCK_CAPTURE_AUTORELEASING = YES;
				CLANG_WARN_BOOL_CONVERSION = YES;
				CLANG_WARN_COMMA = YES;
				CLANG_WARN_CONSTANT_CONVERSION = YES;
				CLANG_WARN_DEPRECATED_OBJC_IMPLEMENTATIONS = YES;
				CLANG_WARN_DIRECT_OBJC_ISA_USAGE = YES_ERROR;
				CLANG_WARN_DOCUMENTATION_COMMENTS = YES;
				CLANG_WARN_EMPTY_BODY = YES;
				CLANG_WARN_ENUM_CONVERSION = YES;
				CLANG_WARN_INFINITE_RECURSION = YES;
				CLANG_WARN_INT_CONVERSION = YES;
				CLANG_WARN_NON_LITERAL_NULL_CONVERSION = YES;
				CLANG_WARN_OBJC_IMPLICIT_RETAIN_SELF = YES;
				CLANG_WARN_OBJC_LITERAL_CONVERSION = YES;
				CLANG_WARN_OBJC_ROOT_CLASS = YES_ERROR;
				CLANG_WARN_QUOTED_INCLUDE_IN_FRAMEWORK_HEADER = YES;
				CLANG_WARN_RANGE_LOOP_ANALYSIS = YES;
				CLANG_WARN_STRICT_PROTOTYPES = YES;
				CLANG_WARN_SUSPICIOUS_MOVE = YES;
				CLANG_WARN_UNGUARDED_AVAILABILITY = YES_AGGRESSIVE;
				CLANG_WARN_UNREACHABLE_CODE = YES;
				CLANG_WARN__DUPLICATE_METHOD_MATCH = YES;
				COPY_PHASE_STRIP = NO;
				DEBUG_INFORMATION_FORMAT = "dwarf-with-dsym";
				ENABLE_NS_ASSERTIONS = NO;
				ENABLE_STRICT_OBJC_MSGSEND = YES;
				GCC_C_LANGUAGE_STANDARD = gnu11;
				GCC_NO_COMMON_BLOCKS = YES;
				GCC_WARN_64_TO_32_BIT_CONVERSION = YES;
				GCC_WARN_ABOUT_RETURN_TYPE = YES_ERROR;
				GCC_WARN_UNDECLARED_SELECTOR = YES;
				GCC_WARN_UNINITIALIZED_AUTOS = YES_AGGRESSIVE;
				GCC_WARN_UNUSED_FUNCTION = YES;
				GCC_WARN_UNUSED_VARIABLE = YES;
				MACOSX_DEPLOYMENT_TARGET = 12.3;
				MTL_ENABLE_DEBUG_INFO = NO;
				MTL_FAST_MATH = YES;
				SDKROOT = macosx;
				SWIFT_COMPILATION_MODE = wholemodule;
				SWIFT_OPTIMIZATION_LEVEL = "-O";
			};
			name = Release;
		};
		56DF1EDF28B60D0D0020B6F6 /* Debug */ = {
			isa = XCBuildConfiguration;
			buildSettings = {
				ASSETCATALOG_COMPILER_APPICON_NAME = AppIcon;
				ASSETCATALOG_COMPILER_GLOBAL_ACCENT_COLOR_NAME = AccentColor;
				CODE_SIGN_ENTITLEMENTS = RageEditor/RageEditor.entitlements;
				CODE_SIGN_STYLE = Automatic;
				COMBINE_HIDPI_IMAGES = YES;
				CURRENT_PROJECT_VERSION = 1;
				DEVELOPMENT_ASSET_PATHS = "\"RageEditor/Preview Content\"";
				DEVELOPMENT_TEAM = HKQARCV8QZ;
				ENABLE_HARDENED_RUNTIME = YES;
				ENABLE_PREVIEWS = YES;
				GENERATE_INFOPLIST_FILE = YES;
				INFOPLIST_KEY_NSHumanReadableCopyright = "";
				LD_RUNPATH_SEARCH_PATHS = (
					"$(inherited)",
					"@executable_path/../Frameworks",
				);
				MARKETING_VERSION = 1.0;
				PRODUCT_BUNDLE_IDENTIFIER = com.rondeau.RageEditor;
				PRODUCT_NAME = "$(TARGET_NAME)";
				SWIFT_EMIT_LOC_STRINGS = YES;
				SWIFT_VERSION = 5.0;
			};
			name = Debug;
		};
		56DF1EE028B60D0D0020B6F6 /* Release */ = {
			isa = XCBuildConfiguration;
			buildSettings = {
				ASSETCATALOG_COMPILER_APPICON_NAME = AppIcon;
				ASSETCATALOG_COMPILER_GLOBAL_ACCENT_COLOR_NAME = AccentColor;
				CODE_SIGN_ENTITLEMENTS = RageEditor/RageEditor.entitlements;
				CODE_SIGN_STYLE = Automatic;
				COMBINE_HIDPI_IMAGES = YES;
				CURRENT_PROJECT_VERSION = 1;
				DEVELOPMENT_ASSET_PATHS = "\"RageEditor/Preview Content\"";
				DEVELOPMENT_TEAM = HKQARCV8QZ;
				ENABLE_HARDENED_RUNTIME = YES;
				ENABLE_PREVIEWS = YES;
				GENERATE_INFOPLIST_FILE = YES;
				INFOPLIST_KEY_NSHumanReadableCopyright = "";
				LD_RUNPATH_SEARCH_PATHS = (
					"$(inherited)",
					"@executable_path/../Frameworks",
				);
				MARKETING_VERSION = 1.0;
				PRODUCT_BUNDLE_IDENTIFIER = com.rondeau.RageEditor;
				PRODUCT_NAME = "$(TARGET_NAME)";
				SWIFT_EMIT_LOC_STRINGS = YES;
				SWIFT_VERSION = 5.0;
			};
			name = Release;
		};
/* End XCBuildConfiguration section */

/* Begin XCConfigurationList section */
		56DF1EC528B60D0B0020B6F6 /* Build configuration list for PBXProject "RageEditor" */ = {
			isa = XCConfigurationList;
			buildConfigurations = (
				56DF1EDC28B60D0D0020B6F6 /* Debug */,
				56DF1EDD28B60D0D0020B6F6 /* Release */,
			);
			defaultConfigurationIsVisible = 0;
			defaultConfigurationName = Release;
		};
		56DF1EDE28B60D0D0020B6F6 /* Build configuration list for PBXNativeTarget "RageEditor" */ = {
			isa = XCConfigurationList;
			buildConfigurations = (
				56DF1EDF28B60D0D0020B6F6 /* Debug */,
				56DF1EE028B60D0D0020B6F6 /* Release */,
			);
			defaultConfigurationIsVisible = 0;
			defaultConfigurationName = Release;
		};
/* End XCConfigurationList section */

/* Begin XCVersionGroup section */
		56DF1ED828B60D0D0020B6F6 /* RageEditor.xcdatamodeld */ = {
			isa = XCVersionGroup;
			children = (
				56DF1ED928B60D0D0020B6F6 /* RageEditor.xcdatamodel */,
			);
			currentVersion = 56DF1ED928B60D0D0020B6F6 /* RageEditor.xcdatamodel */;
			path = RageEditor.xcdatamodeld;
			sourceTree = "<group>";
			versionGroupType = wrapper.xcdatamodel;
		};
/* End XCVersionGroup section */
	};
	rootObject = 56DF1EC228B60D0B0020B6F6 /* Project object */;
}
